lockfileVersion: '9.0'

settings:
  autoInstallPeers: true
  excludeLinksFromLockfile: false

importers:

  .:
    dependencies:
      devextreme:
        specifier: 23.1.15
        version: 23.1.15
      devextreme-vue:
        specifier: 23.1.15
        version: 23.1.15(devextreme@23.1.15)(vue@3.3.0)
      vue:
        specifier: 3.3.0
        version: 3.3.0
      vue-router:
        specifier: ^4.6.4
        version: 4.6.4(vue@3.3.0)
    devDependencies:
      '@rsbuild/core':
        specifier: 1.7.3
        version: 1.7.3
      '@rsbuild/plugin-vue':
        specifier: ^1.0.0
        version: 1.2.9(@rsbuild/core@1.7.3)(@rspack/core@1.7.12(@swc/helpers@0.5.23))(vue@3.3.0)
      '@tailwindcss/postcss':
        specifier: 4.0.14
        version: 4.0.14
      tailwindcss:
        specifier: 4.0.14
        version: 4.0.14

packages:

  '@alloc/quick-lru@5.2.0':
    resolution: {integrity: sha512-UrcABB+4bUrFABwbluTIBErXwvbsU/V7TZWfmbgJfbkwiBuziS9gxdODUyuiecfdGQ85jglMW6juS3+z5TsKLw==}
    engines: {node: '>=10'}

  '@babel/helper-string-parser@7.29.7':
    resolution: {integrity: sha512-Pb5ijPrZ89GDH8223L4UP8i6QApWxs04RbPQJTeWDV0/keR2E36MeKnyr6LYmUUvqRRI+Iv87SuF1W6ErINzYw==}
    engines: {node: '>=6.9.0'}

  '@babel/helper-validator-identifier@7.29.7':
    resolution: {integrity: sha512-qehxGkRj55h/ff8EMaJ+cYhyaKlHIxqYDn682wQD7RNp9UujOQsHog2uS0r2vzr4pW+sXf90NeeayjcNaX3fFg==}
    engines: {node: '>=6.9.0'}

  '@babel/parser@7.29.7':
    resolution: {integrity: sha512-hnORnjP/1P/zFEndoeX+n+t1RwWRJiJpM/jO7FW32Kn9r5+sJB2JWOdYo4L6k78j15eCwY3Gm/7364B1EMwtNg==}
    engines: {node: '>=6.0.0'}
    hasBin: true

  '@babel/runtime@7.29.7':
    resolution: {integrity: sha512-Nq8OhGWiZIZGV6hLHoyAKLLcJihP/xFeBMGJoUrxTX2psI8dCifzLhZISFb+VWS3wFMRDmCGw5R+dOySCqPLhw==}
    engines: {node: '>=6.9.0'}

  '@babel/types@7.29.7':
    resolution: {integrity: sha512-4zBIxpPzowiZpusoFkyGVwakdRJUyuH5PxQ/PrqghfdFWWasvnCdPfQXHrenDai+gyLARulZjZowCOj6fjT4pA==}
    engines: {node: '>=6.9.0'}

  '@devexpress/utils@1.4.8':
    resolution: {integrity: sha512-XVqyeYjqWjbcAUOxaUc6f93MATuVyFE2eec10Qm7X3/QLkKPBh2cJt5OOw4bkW4fC8SG8NZwjVITt08Tr+CXpQ==}

  '@devextreme/runtime@3.0.13':
    resolution: {integrity: sha512-//24I6vo5a+XG/Ul3+vOGqU4M22IWyldpECxLY8iyGJWA5fiNaYzAedrMV2Ixo5oRj8DawiHTZKy5iKKF9ks5g==}

  '@emnapi/core@1.11.2':
    resolution: {integrity: sha512-TC8MkTuZUtcTSiFeuC0ksCh9QIJ5+F21MvZ4Wn4ORfYaFJ/0dsiudv5tVkejgwZlwQ39jL9WWDe2lz8x0WglOA==}

  '@emnapi/runtime@1.11.2':
    resolution: {integrity: sha512-kyOl3X0DuTiT1h2ft8r2fYO8JYtU9a9Xis/zBSiGArNaagCOWx90N1k2wxp18czFDH+OgcWGb5ZP/XMt3dcyPA==}

  '@emnapi/wasi-threads@1.2.2':
    resolution: {integrity: sha512-c95qOXkHdydNKhscBTebqEC1CVAZpyqOfVfBzQ1qgzyl3gfeldUjIggDbIZgDKsHLgnsM+igH7TJ/eAasaVuMA==}

  '@jridgewell/sourcemap-codec@1.5.5':
    resolution: {integrity: sha512-cYQ9310grqxueWbl+WuIUIaiUaDcj7WOq5fVhEljNVgRfOUhY9fy2zTvfoqWsnebh8Sl70VScFbICvJnLKB0Og==}

  '@module-federation/error-codes@0.22.0':
    resolution: {integrity: sha512-xF9SjnEy7vTdx+xekjPCV5cIHOGCkdn3pIxo9vU7gEZMIw0SvAEdsy6Uh17xaCpm8V0FWvR0SZoK9Ik6jGOaug==}

  '@module-federation/runtime-core@0.22.0':
    resolution: {integrity: sha512-GR1TcD6/s7zqItfhC87zAp30PqzvceoeDGYTgF3Vx2TXvsfDrhP6Qw9T4vudDQL3uJRne6t7CzdT29YyVxlgIA==}

  '@module-federation/runtime-tools@0.22.0':
    resolution: {integrity: sha512-4ScUJ/aUfEernb+4PbLdhM/c60VHl698Gn1gY21m9vyC1Ucn69fPCA1y2EwcCB7IItseRMoNhdcWQnzt/OPCNA==}

  '@module-federation/runtime@0.22.0':
    resolution: {integrity: sha512-38g5iPju2tPC3KHMPxRKmy4k4onNp6ypFPS1eKGsNLUkXgHsPMBFqAjDw96iEcjri91BrahG4XcdyKi97xZzlA==}

  '@module-federation/sdk@0.22.0':
    resolution: {integrity: sha512-x4aFNBKn2KVQRuNVC5A7SnrSCSqyfIWmm1DvubjbO9iKFe7ith5niw8dqSFBekYBg2Fwy+eMg4sEFNVvCAdo6g==}

  '@module-federation/webpack-bundler-runtime@0.22.0':
    resolution: {integrity: sha512-aM8gCqXu+/4wBmJtVeMeeMN5guw3chf+2i6HajKtQv7SJfxV/f4IyNQJUeUQu9HfiAZHjqtMV5Lvq/Lvh8LdyA==}

  '@napi-rs/wasm-runtime@1.0.7':
    resolution: {integrity: sha512-SeDnOO0Tk7Okiq6DbXmmBODgOAb9dp9gjlphokTUxmt8U3liIP1ZsozBahH69j/RJv+Rfs6IwUKHTgQYJ/HBAw==}

  '@rsbuild/core@1.7.3':
    resolution: {integrity: sha512-kI1oQvCXbQYxUvQPnDLdjSX4gFsbrFNpuUj6jXEJ7IcJ74Q+n4oeFj74/8tKerhxhe0L90m/ZQfzLeN5ORGA9w==}
    engines: {node: '>=18.12.0'}
    hasBin: true

  '@rsbuild/plugin-vue@1.2.9':
    resolution: {integrity: sha512-ufD4eufkZZlNK3iY5NWg57AMK9qrTFmHycDkSTfRTua4Qczf7q9s7rCLYVfVv2w36cOXJIewM+376jD0zaQShQ==}
    peerDependencies:
      '@rsbuild/core': ^1.0.0 || ^2.0.0-0
    peerDependenciesMeta:
      '@rsbuild/core':
        optional: true

  '@rspack/binding-darwin-arm64@1.7.12':
    resolution: {integrity: sha512-rbFprJaJiqrmfy8SHth8EsoRS0wg4bXcucwj9NiMzpGFq14Opw8c04iQ6H9BECYzgmN0PKZ9rh41LdVvhdZe4A==}
    cpu: [arm64]
    os: [darwin]

  '@rspack/binding-darwin-x64@1.7.12':
    resolution: {integrity: sha512-jnOp+/UXOJa9xqUb8KXH03sysoO2e4Ij6tw6MqDdmdj8n/A8PQENRPUbW9AwXpPtVDJPus9r4fi7b3+6e4B8Hg==}
    cpu: [x64]
    os: [darwin]

  '@rspack/binding-linux-arm64-gnu@1.7.12':
    resolution: {integrity: sha512-C8owWG+yvo7X0oVLIXetkoJhIFBP1LYNcAQqtgLmJnQLQDklGuP83dKC+zISGQWpjawHfZ1ER96vLgoTrxKZdw==}
    cpu: [arm64]
    os: [linux]
    libc: [glibc]

  '@rspack/binding-linux-arm64-musl@1.7.12':
    resolution: {integrity: sha512-i51WWI64aRpsfSki6rN0aepPqXkVfS+vZM7+4bWDcmnhUmdMvhIPcYg0QRk3DtyJnu33jqNLM0WHY78k00NyfA==}
    cpu: [arm64]
    os: [linux]
    libc: [musl]

  '@rspack/binding-linux-x64-gnu@1.7.12':
    resolution: {integrity: sha512-MSos0FuPEefqo9V92ULd5hggKG29EkSNg1zDcypy0OkpsKh5pfjVxTLYFXgTcVyFoUQQbdG8zFBzYbwmJ8V4ew==}
    cpu: [x64]
    os: [linux]
    libc: [glibc]

  '@rspack/binding-linux-x64-musl@1.7.12':
    resolution: {integrity: sha512-JcAMVKXOnjfpC3coWjCFPWD3Yl8RBw6a+IXQQ8mfRlHaHMIiOv8IfZqx15XRxMUn49CtP7Z0Na8iiAg2aKrcfw==}
    cpu: [x64]
    os: [linux]
    libc: [musl]

  '@rspack/binding-wasm32-wasi@1.7.12':
    resolution: {integrity: sha512-n+ZqP6ZMc0nhOgvadg5VhEs9ojtbES80AcWeFnmGkbzIszvGSO63GKNiRkXtjJ9KFuRzytbbmsCqkUVH+Tywxg==}
    cpu: [wasm32]

  '@rspack/binding-win32-arm64-msvc@1.7.12':
    resolution: {integrity: sha512-8+h5fYDXYdmugbdfZ+D1y8IQ3rv2EhSfyGP7vBe+bjNyaMa4jWrpucmZbtxojUL1AzaeuHbvMdj9UO/gelk/+g==}
    cpu: [arm64]
    os: [win32]

  '@rspack/binding-win32-ia32-msvc@1.7.12':
    resolution: {integrity: sha512-cDMGwTRSa2p9fNBVe1wTRkF2AEXZ9ARWW36QeC5CkLaI0Ezz8lvhF2+CSOPnhaQ1O1qtn0L0SF+lFnrY+I7xGQ==}
    cpu: [ia32]
    os: [win32]

  '@rspack/binding-win32-x64-msvc@1.7.12':
    resolution: {integrity: sha512-wIqFvlgFqrgUyj/6S/FJcvShnkZOmIeXTfqvheLY67MGq8qd8jb1YimQVKAIrmWB3yuJKUFACI3Ag1UBtEedEA==}
    cpu: [x64]
    os: [win32]

  '@rspack/binding@1.7.12':
    resolution: {integrity: sha512-f4HHuLbvuld8Ba4iB/4ibse5XrKxFrgmM3S4P2AOKnPlekAFlBjmltCuaTL/W2ggYvILaVY+YcFXrEH1rrKeQA==}

  '@rspack/core@1.7.12':
    resolution: {integrity: sha512-6CwFIHlhRmXfZoMj3v9MZ1SMTPBn+cHVXeMIeaGp5sufqinKsISbsqHu6ZMJu2wDSmZLdmQJX6zLxkhcAUlhkQ==}
    engines: {node: '>=18.12.0'}
    peerDependencies:
      '@swc/helpers': '>=0.5.1'
    peerDependenciesMeta:
      '@swc/helpers':
        optional: true

  '@rspack/lite-tapable@1.1.0':
    resolution: {integrity: sha512-E2B0JhYFmVAwdDiG14+DW0Di4Ze4Jg10Pc4/lILUrd5DRCaklduz2OvJ5HYQ6G+hd+WTzqQb3QnDNfK4yvAFYw==}

  '@rspack/lite-tapable@1.1.2':
    resolution: {integrity: sha512-1OnyWChLGE46YzWyjlmYJssOu/Y0STAnnr2ueKPqDCYTf63GJMs0mxNnCul4dNiVqHYPKv3/fxrTY3IpqoVwZQ==}

  '@swc/helpers@0.5.23':
    resolution: {integrity: sha512-5lSsMOTXURePglDfvuAQUqkGek9Hg2kksOYay2m0+XR++b2NWYL/4sWyuvVBIs8oKnJaxkdi9whaL/sqN13afw==}

  '@tailwindcss/node@4.0.14':
    resolution: {integrity: sha512-Ux9NbFkKWYE4rfUFz6M5JFLs/GEYP6ysxT8uSyPn6aTbh2K3xDE1zz++eVK4Vwx799fzMF8CID9sdHn4j/Ab8w==}

  '@tailwindcss/oxide-android-arm64@4.0.14':
    resolution: {integrity: sha512-VBFKC2rFyfJ5J8lRwjy6ub3rgpY186kAcYgiUr8ArR8BAZzMruyeKJ6mlsD22Zp5ZLcPW/FXMasJiJBx0WsdQg==}
    engines: {node: '>= 10'}
    cpu: [arm64]
    os: [android]

  '@tailwindcss/oxide-darwin-arm64@4.0.14':
    resolution: {integrity: sha512-U3XOwLrefGr2YQZ9DXasDSNWGPZBCh8F62+AExBEDMLDfvLLgI/HDzY8Oq8p/JtqkAY38sWPOaNnRwEGKU5Zmg==}
    engines: {node: '>= 10'}
    cpu: [arm64]
    os: [darwin]

  '@tailwindcss/oxide-darwin-x64@4.0.14':
    resolution: {integrity: sha512-V5AjFuc3ndWGnOi1d379UsODb0TzAS2DYIP/lwEbfvafUaD2aNZIcbwJtYu2DQqO2+s/XBvDVA+w4yUyaewRwg==}
    engines: {node: '>= 10'}
    cpu: [x64]
    os: [darwin]

  '@tailwindcss/oxide-freebsd-x64@4.0.14':
    resolution: {integrity: sha512-tXvtxbaZfcPfqBwW3f53lTcyH6EDT+1eT7yabwcfcxTs+8yTPqxsDUhrqe9MrnEzpNkd+R/QAjJapfd4tjWdLg==}
    engines: {node: '>= 10'}
    cpu: [x64]
    os: [freebsd]

  '@tailwindcss/oxide-linux-arm-gnueabihf@4.0.14':
    resolution: {integrity: sha512-cSeLNWWqIWeSTmBntQvyY2/2gcLX8rkPFfDDTQVF8qbRcRMVPLxBvFVJyfSAYRNch6ZyVH2GI6dtgALOBDpdNA==}
    engines: {node: '>= 10'}
    cpu: [arm]
    os: [linux]

  '@tailwindcss/oxide-linux-arm64-gnu@4.0.14':
    resolution: {integrity: sha512-bwDWLBalXFMDItcSXzFk6y7QKvj6oFlaY9vM+agTlwFL1n1OhDHYLZkSjaYsh6KCeG0VB0r7H8PUJVOM1LRZyg==}
    engines: {node: '>= 10'}
    cpu: [arm64]
    os: [linux]
    libc: [glibc]

  '@tailwindcss/oxide-linux-arm64-musl@4.0.14':
    resolution: {integrity: sha512-gVkJdnR/L6iIcGYXx64HGJRmlme2FGr/aZH0W6u4A3RgPMAb+6ELRLi+UBiH83RXBm9vwCfkIC/q8T51h8vUJQ==}
    engines: {node: '>= 10'}
    cpu: [arm64]
    os: [linux]
    libc: [musl]

  '@tailwindcss/oxide-linux-x64-gnu@4.0.14':
    resolution: {integrity: sha512-EE+EQ+c6tTpzsg+LGO1uuusjXxYx0Q00JE5ubcIGfsogSKth8n8i2BcS2wYTQe4jXGs+BQs35l78BIPzgwLddw==}
    engines: {node: '>= 10'}
    cpu: [x64]
    os: [linux]
    libc: [glibc]

  '@tailwindcss/oxide-linux-x64-musl@4.0.14':
    resolution: {integrity: sha512-KCCOzo+L6XPT0oUp2Jwh233ETRQ/F6cwUnMnR0FvMUCbkDAzHbcyOgpfuAtRa5HD0WbTbH4pVD+S0pn1EhNfbw==}
    engines: {node: '>= 10'}
    cpu: [x64]
    os: [linux]
    libc: [musl]

  '@tailwindcss/oxide-win32-arm64-msvc@4.0.14':
    resolution: {integrity: sha512-AHObFiFL9lNYcm3tZSPqa/cHGpM5wOrNmM2uOMoKppp+0Hom5uuyRh0QkOp7jftsHZdrZUpmoz0Mp6vhh2XtUg==}
    engines: {node: '>= 10'}
    cpu: [arm64]
    os: [win32]

  '@tailwindcss/oxide-win32-x64-msvc@4.0.14':
    resolution: {integrity: sha512-rNXXMDJfCJLw/ZaFTOLOHoGULxyXfh2iXTGiChFiYTSgKBKQHIGEpV0yn5N25WGzJJ+VBnRjHzlmDqRV+d//oQ==}
    engines: {node: '>= 10'}
    cpu: [x64]
    os: [win32]

  '@tailwindcss/oxide@4.0.14':
    resolution: {integrity: sha512-M8VCNyO/NBi5vJ2cRcI9u8w7Si+i76a7o1vveoGtbbjpEYJZYiyc7f2VGps/DqawO56l3tImIbq2OT/533jcrA==}
    engines: {node: '>= 10'}

  '@tailwindcss/postcss@4.0.14':
    resolution: {integrity: sha512-+uIR6KtKhla1XeIanF27KtrfYy+PX+R679v5LxbkmEZlhQe3g8rk+wKj7Xgt++rWGRuFLGMXY80Ek8JNn+kN/g==}

  '@tybys/wasm-util@0.10.3':
    resolution: {integrity: sha512-F3fo1MYrRJYL3zER0OUOmkutjr1Vp23m7OsSgp7nq4SP6OqX6C/56XFIPAl5bt3zaBRjmW7SGz3u/6LwFpYcOg==}

  '@vue/compiler-core@3.3.0':
    resolution: {integrity: sha512-iYvUFe9/tIXNI1FyDCQYhkwJI5M9htqeCGfdZ2LiR+ZqVQE6KAH2+qUPdXixjMPUL36LdpVIBTNhxstx5RRhEw==}

  '@vue/compiler-dom@3.3.0':
    resolution: {integrity: sha512-oxWgWpY+2FOQMZxdXgVaslu7z/KSmk9pO90MrYdxfiOW3/0HkqR6nuDjukiwaz5rN/kUioNXBfAkDcNwIr1JOA==}

  '@vue/compiler-sfc@3.3.0':
    resolution: {integrity: sha512-g8j35REOBMN0oRnJ4eEO3RMLj8ebEehQk6JkH6Q9df+M1Sb8eLeX0Zb7GBBPrrjfmyKzGvp/TE3fyOLUq/H5ow==}

  '@vue/compiler-ssr@3.3.0':
    resolution: {integrity: sha512-G39cqKLtSvlHM4L+P7vav9mh+ruks156VsXtzKya/FLMAWkSco6ye4SdaD6vJHMbtCypTOkMU7R6NMrCr19vpg==}

  '@vue/devtools-api@6.6.4':
    resolution: {integrity: sha512-sGhTPMuXqZ1rVOk32RylztWkfXTRhuS7vgAKv0zjqk8gbsHkJ7xfFf+jbySxt7tWObEJwyKaHMikV/WGDiQm8g==}

  '@vue/reactivity-transform@3.3.0':
    resolution: {integrity: sha512-Pli2ClOXOEMG2AExCfUwiPQQo7U7zcRlnZLb6FI9ns/nEiQ9KLJJYD3wAuJHSx0VXLhACaINd/1VbMeKfa8GhQ==}

  '@vue/reactivity@3.3.0':
    resolution: {integrity: sha512-CyVK/UDaGVK9ARd6HDh+RnvSY65rItjkNvxz7yTcbsGole6KaywdLIzLhWeaO5y7LnYE4MNGxzwZxmsnd+gNmQ==}

  '@vue/runtime-core@3.3.0':
    resolution: {integrity: sha512-PJ6EYidRqsG0p0kijogSjA9dmJk6AhGGX387UWjbk2Y1z7t9VI0vTMLwBXf7H7QkKSAufiPRMET7qmexcOae1g==}

  '@vue/runtime-dom@3.3.0':
    resolution: {integrity: sha512-e2VwfvU6xk/BdXpFvh1UXo4mcOrKCAkPrCy/vFas9GkkYzW3nx3uJ7Jm2Zl08dRoCMP7Oy9FegT9JkJ5kU8C+g==}

  '@vue/server-renderer@3.3.0':
    resolution: {integrity: sha512-U8coTPJMym4U6kJ2sDQuO5BmYjfIn26f66rtCk+cS1hoSxOtxFtUJuFXAOTIHvFWeelk4qeh9Ub5ZbfVRCHQBg==}
    peerDependencies:
      vue: 3.3.0

  '@vue/shared@3.3.0':
    resolution: {integrity: sha512-U4LUNs+xkcncuiWSyYlZJPl4l8zAKs67OuLM2L91QsaYZAEylj41pGHaLPHkO0ULGTpxTMETEBXkn6QFP9/X+Q==}

  ansi-styles@4.3.0:
    resolution: {integrity: sha512-zbB9rCJAT1rbjiVDb2hqKFHNYLxgtk8NURxZ3IZwD3F6NtxbXZQCnnSi1Lkx+IDohdPlFp222wVALIheZJQSEg==}
    engines: {node: '>=8'}

  chalk@4.1.2:
    resolution: {integrity: sha512-oKnbhFyRIXpUuez8iBMmyEa4nbj4IOQyuhc/wy9kY7/WVPcwIO9VA668Pu8RkO7+0G76SLROeyw9CpQ061i4mA==}
    engines: {node: '>=10'}

  color-convert@2.0.1:
    resolution: {integrity: sha512-RRECPsj7iu/xb5oKYcsFHSppFNnsj/52OVTRKb4zP5onXwVF3zVmmToNcOfGC+CRDpfK/U584fMg38ZHCaElKQ==}
    engines: {node: '>=7.0.0'}

  color-name@1.1.4:
    resolution: {integrity: sha512-dOy+3AuW3a2wNbZHIuMZpTcgjGuLU/uBL/ubcZF9OXbDo8ff4O8yVp5Bf0efS8uEoYo5q4Fx7dY9OgQGXgAsQA==}

  commander@9.5.0:
    resolution: {integrity: sha512-KRs7WVDKg86PWiuAqhDrAQnTXZKraVcCc6vFdL14qrZ/DcWwuRo7VoiYXalXO7S5GKpqYiVEwCbgFDfxNHKJBQ==}
    engines: {node: ^12.20.0 || >=14}

  core-js@3.47.0:
    resolution: {integrity: sha512-c3Q2VVkGAUyupsjRnaNX6u8Dq2vAdzm9iuPj5FW0fRxzlxgq9Q39MDq10IvmQSpLgHQNyQzQmOo6bgGHmH3NNg==}

  core-js@3.49.0:
    resolution: {integrity: sha512-es1U2+YTtzpwkxVLwAFdSpaIMyQaq0PBgm3YD1W3Qpsn1NAmO3KSgZfu+oGSWVu6NvLHoHCV/aYcsE5wiB7ALg==}

  core-util-is@1.0.3:
    resolution: {integrity: sha512-ZQBvi1DcpJ4GDqanjucZ2Hj3wEO5pZDS89BWbkcrvdxksJorwUDDZamX9ldFkp9aw2lmBDLgkObEA4DWNJ9FYQ==}

  csstype@3.2.3:
    resolution: {integrity: sha512-z1HGKcYy2xA8AGQfwrn0PAy+PB7X/GSj3UVJW9qKyn43xWa+gl5nXmU4qqLMRzWVLFC8KusUX8T/0kCiOYpAIQ==}

  detect-libc@2.1.2:
    resolution: {integrity: sha512-Btj2BOOO83o3WyH59e8MgXsxEQVcarkUOpEYrubB0urwnN10yQ364rsiByU11nZlqWYZm05i/of7io4mzihBtQ==}
    engines: {node: '>=8'}

  devexpress-diagram@2.2.8:
    resolution: {integrity: sha512-pFsMfJdi8z0iAScWL7yjwPa+CobPQ+acVzbuUjpPe6ZXD42LniYoFbMeiGctvQJhv7BtuWRfg2ao1lEq8VUkzw==}

  devexpress-gantt@4.1.56:
    resolution: {integrity: sha512-jnnvDYDDzjqr8pnWYsAM96mug6yXEQ1H26QLLBRbwLC72ckb1yv0Rk6DUae9ZwewIFNzIKHt1klQMF/KD9Mb8A==}

  devextreme-quill@1.6.4:
    resolution: {integrity: sha512-qs8lt+nn/2vQX1PrImQmCj2B1c8ydD5Hrjn42wWeqa4sVFd/9e2UM+PL979EtKqX0k1M4ncMe25cSbgYz5nNdA==}

  devextreme-vue@23.1.15:
    resolution: {integrity: sha512-AqY8OUVaiX2JjQqbpafYGwc/pQVRpmB4SlVi0SXniNwjUV7qrGmE2P2bExaxBXsw4mSVcdrR5dNFi6ZXEEMJ1w==}
    peerDependencies:
      devextreme: ~23.1.15
      vue: ^2.5.16 || ^3.0.0

  devextreme@23.1.15:
    resolution: {integrity: sha512-/8Z7dWlv8ehaDSPD/tEvVUF8kwZmgteya8YIZyfEso3adScMeDqZgZzqeFOj1eA0U57b8OmoF7so30EjVLnXLw==}
    hasBin: true

  domino@2.1.7:
    resolution: {integrity: sha512-3rcXhx0ixJV2nj8J0tljzejTF73A35LVVdnTQu79UAqTBFEgYPMgGtykMuu/BDqaOZphATku1ddRUn/RtqUHYQ==}

  enhanced-resolve@5.24.2:
    resolution: {integrity: sha512-rpsZEGT1jFuve6QlpyRp9ckQ+kN61hvF9BzCPyMdaKTm8UJce96KBn3sorXOFXlzjPrs3Vc4T1NsSroZ3PxlFw==}
    engines: {node: '>=10.13.0'}

  es6-object-assign@1.1.0:
    resolution: {integrity: sha512-MEl9uirslVwqQU369iHNWZXsI8yaZYGg/D65aOgZkeyFJwHYSxilf7rQzXKI7DdDuBPrBXbfk3sl9hJhmd5AUw==}

  estree-walker@2.0.2:
    resolution: {integrity: sha512-Rfkk/Mp/DL7JVje3u18FxFujQlTNR2q6QfMSMB7AvCBx91NGj/ba3kCfza0f6dVDbw7YlRf/nDrn7pQrCCyQ/w==}

  eventemitter3@4.0.7:
    resolution: {integrity: sha512-8guHBZCwKnFhYdHr2ysuRWErTwhoN2X8XELRlrRwpmfeY2jjuUN4taQMsULKUVo1K4DvZl+0pgfyoysHxvmvEw==}

  fast-diff@1.3.0:
    resolution: {integrity: sha512-VxPP4NqbUjj6MaAOafWeUn2cXWLcCtljklUtZf0Ind4XQ+QPtmA0b18zZy0jIQx+ExRVCR/ZQpBmik5lXshNsw==}

  graceful-fs@4.2.11:
    resolution: {integrity: sha512-RbJ5/jmFcNNCcDV5o9eTnBLJ/HszWV0P73bc+Ff4nS/rJj+YaS6IGyiOL0VoBYX+l1Wrl3k63h/KrH+nhJ0XvQ==}

  has-flag@4.0.0:
    resolution: {integrity: sha512-EykJT/Q1KjTWctppgIAgfSO0tKVuZUjhgMr17kqTumMl6Afv3EISleU7qZUzoXDFTAHTDC4NOoG/ZxU3EvlMPQ==}
    engines: {node: '>=8'}

  immediate@3.0.6:
    resolution: {integrity: sha512-XXOFtyqDjNDAQxVfYxuF7g9Il/IbWmmlQg2MYKOH8ExIT1qg6xc4zyS3HaEEATgs1btfzxq15ciUiY7gjSXRGQ==}

  inferno-create-element@7.4.11:
    resolution: {integrity: sha512-kE6XIx2hPAd5qpDli2iGjNXgubvuyxdLvoiW71WnSzIIxA+Uxa/s8lY8m03VyHHVypFV3n329ZY5dFvKc7UQMg==}

  inferno-hydrate@7.4.11:
    resolution: {integrity: sha512-hF9Ke4GHAkj8GQrMXBZPfsUqhq6WjkoDCAfXhPBuF1Wiceqyy8KerOOXEnuocHky77fuEXq0AzVnQcC064Bkfw==}

  inferno-shared@7.4.11:
    resolution: {integrity: sha512-pN725bDSTxkQmRS3e/3H02/xAqgHl+xgddCMjPm8M0etRdRcVCisi3NGPhzSbDDmiftrxhY31exs7+dwsngcDA==}

  inferno-vnode-flags@7.4.11:
    resolution: {integrity: sha512-L7lslEQCq3IfwgT/b9zhuMf8fv6KXCNXXHZevk/WYxnqJsOWGDcKpJn0zkzXfvmj0otbB149iLUQVBq3oe2sfA==}

  inferno@7.4.11:
    resolution: {integrity: sha512-N+cs33ESWI8fdToCd98yMRYl7jkLnCkJskxov3FKKlaKOvk3PRlAttbhmUaYdWXlRvt2WeXi+J4MbzNj3V6G0w==}

  inherits@2.0.4:
    resolution: {integrity: sha512-k/vGaX4/Yla3WzyMCvTQOXYeIHvqOKtnqBduzTHpzpQZzAskKMhZ2K+EnBiSM9zGSoIFeMpXKxa4dYeZIQqewQ==}

  isarray@1.0.0:
    resolution: {integrity: sha512-VLghIWNM6ELQzo7zwmcg0NmTVyWKYjvIeM83yjp0wRDTmUnrM678fQbcKBo6n2CJEF0szoG//ytg+TKla89ALQ==}

  jiti@2.7.0:
    resolution: {integrity: sha512-AC/7JofJvZGrrneWNaEnJeOLUx+JlGt7tNa0wZiRPT4MY1wmfKjt2+6O2p2uz2+skll8OZZmJMNqeke7kKbNgQ==}
    hasBin: true

  jszip@3.10.1:
    resolution: {integrity: sha512-xXDvecyTpGLrqFrvkrUSoxxfJI5AH7U8zxxtVclpsUtMCq4JQ290LY8AW5c7Ggnr/Y/oK+bQMbqK2qmtk3pN4g==}

  lie@3.3.0:
    resolution: {integrity: sha512-UaiMJzeWRlEujzAuw5LokY1L5ecNQYZKfmyZ9L7wDHb/p5etKaxXhohBcrw0EYby+G/NA52vRSN4N39dxHAIwQ==}

  lightningcss-darwin-arm64@1.29.2:
    resolution: {integrity: sha512-cK/eMabSViKn/PG8U/a7aCorpeKLMlK0bQeNHmdb7qUnBkNPnL+oV5DjJUo0kqWsJUapZsM4jCfYItbqBDvlcA==}
    engines: {node: '>= 12.0.0'}
    cpu: [arm64]
    os: [darwin]

  lightningcss-darwin-x64@1.29.2:
    resolution: {integrity: sha512-j5qYxamyQw4kDXX5hnnCKMf3mLlHvG44f24Qyi2965/Ycz829MYqjrVg2H8BidybHBp9kom4D7DR5VqCKDXS0w==}
    engines: {node: '>= 12.0.0'}
    cpu: [x64]
    os: [darwin]

  lightningcss-freebsd-x64@1.29.2:
    resolution: {integrity: sha512-wDk7M2tM78Ii8ek9YjnY8MjV5f5JN2qNVO+/0BAGZRvXKtQrBC4/cn4ssQIpKIPP44YXw6gFdpUF+Ps+RGsCwg==}
    engines: {node: '>= 12.0.0'}
    cpu: [x64]
    os: [freebsd]

  lightningcss-linux-arm-gnueabihf@1.29.2:
    resolution: {integrity: sha512-IRUrOrAF2Z+KExdExe3Rz7NSTuuJ2HvCGlMKoquK5pjvo2JY4Rybr+NrKnq0U0hZnx5AnGsuFHjGnNT14w26sg==}
    engines: {node: '>= 12.0.0'}
    cpu: [arm]
    os: [linux]

  lightningcss-linux-arm64-gnu@1.29.2:
    resolution: {integrity: sha512-KKCpOlmhdjvUTX/mBuaKemp0oeDIBBLFiU5Fnqxh1/DZ4JPZi4evEH7TKoSBFOSOV3J7iEmmBaw/8dpiUvRKlQ==}
    engines: {node: '>= 12.0.0'}
    cpu: [arm64]
    os: [linux]
    libc: [glibc]

  lightningcss-linux-arm64-musl@1.29.2:
    resolution: {integrity: sha512-Q64eM1bPlOOUgxFmoPUefqzY1yV3ctFPE6d/Vt7WzLW4rKTv7MyYNky+FWxRpLkNASTnKQUaiMJ87zNODIrrKQ==}
    engines: {node: '>= 12.0.0'}
    cpu: [arm64]
    os: [linux]
    libc: [musl]

  lightningcss-linux-x64-gnu@1.29.2:
    resolution: {integrity: sha512-0v6idDCPG6epLXtBH/RPkHvYx74CVziHo6TMYga8O2EiQApnUPZsbR9nFNrg2cgBzk1AYqEd95TlrsL7nYABQg==}
    engines: {node: '>= 12.0.0'}
    cpu: [x64]
    os: [linux]
    libc: [glibc]

  lightningcss-linux-x64-musl@1.29.2:
    resolution: {integrity: sha512-rMpz2yawkgGT8RULc5S4WiZopVMOFWjiItBT7aSfDX4NQav6M44rhn5hjtkKzB+wMTRlLLqxkeYEtQ3dd9696w==}
    engines: {node: '>= 12.0.0'}
    cpu: [x64]
    os: [linux]
    libc: [musl]

  lightningcss-win32-arm64-msvc@1.29.2:
    resolution: {integrity: sha512-nL7zRW6evGQqYVu/bKGK+zShyz8OVzsCotFgc7judbt6wnB2KbiKKJwBE4SGoDBQ1O94RjW4asrCjQL4i8Fhbw==}
    engines: {node: '>= 12.0.0'}
    cpu: [arm64]
    os: [win32]

  lightningcss-win32-x64-msvc@1.29.2:
    resolution: {integrity: sha512-EdIUW3B2vLuHmv7urfzMI/h2fmlnOQBk1xlsDxkN1tCWKjNFjfLhGxYk8C8mzpSfr+A6jFFIi8fU6LbQGsRWjA==}
    engines: {node: '>= 12.0.0'}
    cpu: [x64]
    os: [win32]

  lightningcss@1.29.2:
    resolution: {integrity: sha512-6b6gd/RUXKaw5keVdSEtqFVdzWnU5jMxTUjA2bVcMNPLwSQ08Sv/UodBVtETLCn7k4S1Ibxwh7k68IwLZPgKaA==}
    engines: {node: '>= 12.0.0'}

  lodash.clonedeep@4.5.0:
    resolution: {integrity: sha512-H5ZhCF25riFd9uB5UCkVKo61m3S/xZk1x4wA6yp/L3RFP6Z/eHH1ymQcGLo7J3GMPfm0V/7m1tryHuGVxpqEBQ==}

  lodash.isequal@4.5.0:
    resolution: {integrity: sha512-pDo3lu8Jhfjqls6GkMgpahsF9kCyayhgykjyLMNFTKWrpVdAQtYyB4muAMWozBB4ig/dtWAmsMxLEI8wuz+DYQ==}
    deprecated: This package is deprecated. Use require('node:util').isDeepStrictEqual instead.

  lodash.merge@4.6.2:
    resolution: {integrity: sha512-0KpjqXRVvrYyCsX1swR/XTK0va6VQkQM6MNo7PqW77ByjAhoARA8EfrP1N4+KlKj8YS0ZUCtRT/YUuhyYDujIQ==}

  magic-string@0.30.21:
    resolution: {integrity: sha512-vd2F4YUyEXKGcLHoq+TEyCjxueSeHnFxyyjNp80yg0XV4vUhnDer/lvvlqM/arB5bXQN5K2/3oinyCRyx8T2CQ==}

  nanoid@3.3.16:
    resolution: {integrity: sha512-bzlKTyNJ7+LdGIIwy8ijFpIqEQIvafahV7eYykJ8Cvh42EdJeODoJ6gUJXpQJvej1BddH8OqTXZNE/KfbWAu8Q==}
    engines: {node: ^10 || ^12 || ^13.7 || ^14 || >=15.0.1}
    hasBin: true

  opencollective-postinstall@2.0.3:
    resolution: {integrity: sha512-8AV/sCtuzUeTo8gQK5qDZzARrulB3egtLzFgteqB2tcT4Mw7B8Kt7JcDHmltjz6FOAHsvTevk70gZEbhM4ZS9Q==}
    hasBin: true

  pako@1.0.11:
    resolution: {integrity: sha512-4hLB8Py4zZce5s4yd9XzopqwVv/yGNhV1Bl8NTmCq1763HeK2+EwVTv+leGeL13Dnh2wfbqowVPXCIO0z4taYw==}

  parchment@2.0.1:
    resolution: {integrity: sha512-VBKrlEoZCBD+iwoeag0QTtY1Cti+Ma4nLpVYcc/uus/wHhMsPOi5InH3RL1s4aekahPZpabcS2ToKyGf7RMH/g==}

  picocolors@1.1.1:
    resolution: {integrity: sha512-xceH2snhtb5M9liqDsmEw56le376mTZkEX/jEb/RxNFyegNul7eNslCXP9FDj/Lcu0X8KEyMceP2ntpaHrDEVA==}

  postcss@8.5.19:
    resolution: {integrity: sha512-Mz8SaolMd8nB+G13WkORcxQKHZ/NE4xXevtkJHVuG+guo9/wYKlIMTKAqGdEmYOXR2ijPjTYNHssizdaVSUNdQ==}
    engines: {node: ^10 || ^12 || >=14}

  process-nextick-args@2.0.1:
    resolution: {integrity: sha512-3ouUOpQhtgrbOa17J7+uxOTpITYWaGP7/AhoR3+A+/1e9skrzelGi/dXzEYyvbxubEF6Wn2ypscTKiKJFFn1ag==}

  quill-delta@5.1.0:
    resolution: {integrity: sha512-X74oCeRI4/p0ucjb5Ma8adTXd9Scumz367kkMK5V/IatcX6A0vlgLgKbzXWy5nZmCGeNJm2oQX0d2Eqj+ZIlCA==}
    engines: {node: '>= 12.0.0'}

  readable-stream@2.3.8:
    resolution: {integrity: sha512-8p0AUk4XODgIewSi0l8Epjs+EVnWiK7NoDIEGU0HhE7+ZyY8D1IMY7odu5lRrFXGg71L15KG8QrPmum45RTtdA==}

  rrule@2.8.1:
    resolution: {integrity: sha512-hM3dHSBMeaJ0Ktp7W38BJZ7O1zOgaFEsn41PDk+yHoEtfLV+PoJt9E9xAlZiWgf/iqEqionN0ebHFZIDAp+iGw==}

  rspack-vue-loader@17.6.1:
    resolution: {integrity: sha512-jeeqh2wLcJLTd6AwYJjiEv62Bo6A7+OH4c7kGi4S2BF3E996cLtdY6ybAu8lG82EyUcr2lgV3kHoRnfD5QPUgA==}
    peerDependencies:
      '@rspack/core': ^1.0.0 || ^2.0.0
      '@vue/compiler-sfc': '*'
      vue: '*'
    peerDependenciesMeta:
      '@rspack/core':
        optional: true
      '@vue/compiler-sfc':
        optional: true
      vue:
        optional: true

  safe-buffer@5.1.2:
    resolution: {integrity: sha512-Gd2UZBJDkXlY7GbJxfsE8/nvKkUEU1G38c1siN6QP6a9PT9MmHB8GnpscSmMJSoF8LOIrt8ud/wPtojys4G6+g==}

  setimmediate@1.0.5:
    resolution: {integrity: sha512-MATJdZp8sLqDl/68LfQmbP8zKPLQNV6BIZoIgrscFDQ+RsvK/BxeDQOgyxKKoh0y/8h3BqVFnCqQ/gd+reiIXA==}

  showdown@2.1.0:
    resolution: {integrity: sha512-/6NVYu4U819R2pUIk79n67SYgJHWCce0a5xTP979WbNp0FL9MN1I1QK662IDU1b6JzKTvmhgI7T7JYIxBi3kMQ==}
    hasBin: true

  source-map-js@1.2.1:
    resolution: {integrity: sha512-UXWMKhLOwVKb728IUtQPXxfYU+usdybtUrK/8uGE8CQMvrhOpwvzDBwj0QhSL7MQc7vIsISBG8VQ8+IDQxpfQA==}
    engines: {node: '>=0.10.0'}

  string_decoder@1.1.1:
    resolution: {integrity: sha512-n/ShnvDi6FHbbVfviro+WojiFzv+s8MPMHBczVePfUpDJLwoLT0ht1l4YwBCbi8pJAveEEdnkHyPyTP/mzRfwg==}

  supports-color@7.2.0:
    resolution: {integrity: sha512-qpCAvRl9stuOHveKsn7HncJRvv501qIacKzQlO/+Lwxc9+0q2wLyv4Dfvt80/DPn2pqOBsJdDiogXGR9+OvwRw==}
    engines: {node: '>=8'}

  tailwindcss@4.0.14:
    resolution: {integrity: sha512-92YT2dpt671tFiHH/e1ok9D987N9fHD5VWoly1CdPD/Cd1HMglvZwP3nx2yTj2lbXDAHt8QssZkxTLCCTNL+xw==}

  tapable@2.3.3:
    resolution: {integrity: sha512-uxc/zpqFg6x7C8vOE7lh6Lbda8eEL9zmVm/PLeTPBRhh1xCgdWaQ+J1CUieGpIfm2HdtsUpRv+HshiasBMcc6A==}
    engines: {node: '>=6'}

  tslib@2.3.1:
    resolution: {integrity: sha512-77EbyPPpMz+FRFRuAFlWMtmgUWGe9UOG2Z25NqCwiIjRhOf5iKGuzSe5P2w1laq+FkRy4p+PCuVkJSGkzTEKVw==}

  tslib@2.8.1:
    resolution: {integrity: sha512-oJFu94HQb+KVduSUQL7wnpmqnfmLsOA/nAh6b6EH0wCEoK0/mPeXU6c3wKDV83MkOuHPRHtSXKKU99IBazS/2w==}

  turndown@7.1.3:
    resolution: {integrity: sha512-Z3/iJ6IWh8VBiACWQJaA5ulPQE5E1QwvBHj00uGzdQxdRnd8fh1DPqNOJqzQDu6DkOstORrtXzf/9adB+vMtEA==}

  util-deprecate@1.0.2:
    resolution: {integrity: sha512-EPD5q1uXyFxJpCrLnCc1nHnq3gOa6DZBocAIiI2TaSCA7VCJ1UJDMagCzIkXNsUYfD1daK//LTEQ8xiIbrHtcw==}

  vue-router@4.6.4:
    resolution: {integrity: sha512-Hz9q5sa33Yhduglwz6g9skT8OBPii+4bFn88w6J+J4MfEo4KRRpmiNG/hHHkdbRFlLBOqxN8y8gf2Fb0MTUgVg==}
    peerDependencies:
      vue: ^3.5.0

  vue@3.3.0:
    resolution: {integrity: sha512-cyyuVeFKvQy5eGIwN7VQlNKFu09DQSyTtunzpURRjPJwl6B2T7zo41oE1Nr/nacCsZVpnkE6FlWN0YfbY2SB2w==}

snapshots:

  '@alloc/quick-lru@5.2.0': {}

  '@babel/helper-string-parser@7.29.7': {}

  '@babel/helper-validator-identifier@7.29.7': {}

  '@babel/parser@7.29.7':
    dependencies:
      '@babel/types': 7.29.7

  '@babel/runtime@7.29.7': {}

  '@babel/types@7.29.7':
    dependencies:
      '@babel/helper-string-parser': 7.29.7
      '@babel/helper-validator-identifier': 7.29.7

  '@devexpress/utils@1.4.8':
    dependencies:
      tslib: 2.3.1

  '@devextreme/runtime@3.0.13':
    dependencies:
      inferno: 7.4.11
      inferno-create-element: 7.4.11
      inferno-hydrate: 7.4.11

  '@emnapi/core@1.11.2':
    dependencies:
      '@emnapi/wasi-threads': 1.2.2
      tslib: 2.8.1
    optional: true

  '@emnapi/runtime@1.11.2':
    dependencies:
      tslib: 2.8.1
    optional: true

  '@emnapi/wasi-threads@1.2.2':
    dependencies:
      tslib: 2.8.1
    optional: true

  '@jridgewell/sourcemap-codec@1.5.5': {}

  '@module-federation/error-codes@0.22.0': {}

  '@module-federation/runtime-core@0.22.0':
    dependencies:
      '@module-federation/error-codes': 0.22.0
      '@module-federation/sdk': 0.22.0

  '@module-federation/runtime-tools@0.22.0':
    dependencies:
      '@module-federation/runtime': 0.22.0
      '@module-federation/webpack-bundler-runtime': 0.22.0

  '@module-federation/runtime@0.22.0':
    dependencies:
      '@module-federation/error-codes': 0.22.0
      '@module-federation/runtime-core': 0.22.0
      '@module-federation/sdk': 0.22.0

  '@module-federation/sdk@0.22.0': {}

  '@module-federation/webpack-bundler-runtime@0.22.0':
    dependencies:
      '@module-federation/runtime': 0.22.0
      '@module-federation/sdk': 0.22.0

  '@napi-rs/wasm-runtime@1.0.7':
    dependencies:
      '@emnapi/core': 1.11.2
      '@emnapi/runtime': 1.11.2
      '@tybys/wasm-util': 0.10.3
    optional: true

  '@rsbuild/core@1.7.3':
    dependencies:
      '@rspack/core': 1.7.12(@swc/helpers@0.5.23)
      '@rspack/lite-tapable': 1.1.2
      '@swc/helpers': 0.5.23
      core-js: 3.47.0
      jiti: 2.7.0

  '@rsbuild/plugin-vue@1.2.9(@rsbuild/core@1.7.3)(@rspack/core@1.7.12(@swc/helpers@0.5.23))(vue@3.3.0)':
    dependencies:
      rspack-vue-loader: 17.6.1(@rspack/core@1.7.12(@swc/helpers@0.5.23))(vue@3.3.0)
    optionalDependencies:
      '@rsbuild/core': 1.7.3
    transitivePeerDependencies:
      - '@rspack/core'
      - '@vue/compiler-sfc'
      - vue

  '@rspack/binding-darwin-arm64@1.7.12':
    optional: true

  '@rspack/binding-darwin-x64@1.7.12':
    optional: true

  '@rspack/binding-linux-arm64-gnu@1.7.12':
    optional: true

  '@rspack/binding-linux-arm64-musl@1.7.12':
    optional: true

  '@rspack/binding-linux-x64-gnu@1.7.12':
    optional: true

  '@rspack/binding-linux-x64-musl@1.7.12':
    optional: true

  '@rspack/binding-wasm32-wasi@1.7.12':
    dependencies:
      '@napi-rs/wasm-runtime': 1.0.7
    optional: true

  '@rspack/binding-win32-arm64-msvc@1.7.12':
    optional: true

  '@rspack/binding-win32-ia32-msvc@1.7.12':
    optional: true

  '@rspack/binding-win32-x64-msvc@1.7.12':
    optional: true

  '@rspack/binding@1.7.12':
    optionalDependencies:
      '@rspack/binding-darwin-arm64': 1.7.12
      '@rspack/binding-darwin-x64': 1.7.12
      '@rspack/binding-linux-arm64-gnu': 1.7.12
      '@rspack/binding-linux-arm64-musl': 1.7.12
      '@rspack/binding-linux-x64-gnu': 1.7.12
      '@rspack/binding-linux-x64-musl': 1.7.12
      '@rspack/binding-wasm32-wasi': 1.7.12
      '@rspack/binding-win32-arm64-msvc': 1.7.12
      '@rspack/binding-win32-ia32-msvc': 1.7.12
      '@rspack/binding-win32-x64-msvc': 1.7.12

  '@rspack/core@1.7.12(@swc/helpers@0.5.23)':
    dependencies:
      '@module-federation/runtime-tools': 0.22.0
      '@rspack/binding': 1.7.12
      '@rspack/lite-tapable': 1.1.0
    optionalDependencies:
      '@swc/helpers': 0.5.23

  '@rspack/lite-tapable@1.1.0': {}

  '@rspack/lite-tapable@1.1.2': {}

  '@swc/helpers@0.5.23':
    dependencies:
      tslib: 2.8.1

  '@tailwindcss/node@4.0.14':
    dependencies:
      enhanced-resolve: 5.24.2
      jiti: 2.7.0
      tailwindcss: 4.0.14

  '@tailwindcss/oxide-android-arm64@4.0.14':
    optional: true

  '@tailwindcss/oxide-darwin-arm64@4.0.14':
    optional: true

  '@tailwindcss/oxide-darwin-x64@4.0.14':
    optional: true

  '@tailwindcss/oxide-freebsd-x64@4.0.14':
    optional: true

  '@tailwindcss/oxide-linux-arm-gnueabihf@4.0.14':
    optional: true

  '@tailwindcss/oxide-linux-arm64-gnu@4.0.14':
    optional: true

  '@tailwindcss/oxide-linux-arm64-musl@4.0.14':
    optional: true

  '@tailwindcss/oxide-linux-x64-gnu@4.0.14':
    optional: true

  '@tailwindcss/oxide-linux-x64-musl@4.0.14':
    optional: true

  '@tailwindcss/oxide-win32-arm64-msvc@4.0.14':
    optional: true

  '@tailwindcss/oxide-win32-x64-msvc@4.0.14':
    optional: true

  '@tailwindcss/oxide@4.0.14':
    optionalDependencies:
      '@tailwindcss/oxide-android-arm64': 4.0.14
      '@tailwindcss/oxide-darwin-arm64': 4.0.14
      '@tailwindcss/oxide-darwin-x64': 4.0.14
      '@tailwindcss/oxide-freebsd-x64': 4.0.14
      '@tailwindcss/oxide-linux-arm-gnueabihf': 4.0.14
      '@tailwindcss/oxide-linux-arm64-gnu': 4.0.14
      '@tailwindcss/oxide-linux-arm64-musl': 4.0.14
      '@tailwindcss/oxide-linux-x64-gnu': 4.0.14
      '@tailwindcss/oxide-linux-x64-musl': 4.0.14
      '@tailwindcss/oxide-win32-arm64-msvc': 4.0.14
      '@tailwindcss/oxide-win32-x64-msvc': 4.0.14

  '@tailwindcss/postcss@4.0.14':
    dependencies:
      '@alloc/quick-lru': 5.2.0
      '@tailwindcss/node': 4.0.14
      '@tailwindcss/oxide': 4.0.14
      lightningcss: 1.29.2
      postcss: 8.5.19
      tailwindcss: 4.0.14

  '@tybys/wasm-util@0.10.3':
    dependencies:
      tslib: 2.8.1
    optional: true

  '@vue/compiler-core@3.3.0':
    dependencies:
      '@babel/parser': 7.29.7
      '@vue/shared': 3.3.0
      estree-walker: 2.0.2
      source-map-js: 1.2.1

  '@vue/compiler-dom@3.3.0':
    dependencies:
      '@vue/compiler-core': 3.3.0
      '@vue/shared': 3.3.0

  '@vue/compiler-sfc@3.3.0':
    dependencies:
      '@babel/parser': 7.29.7
      '@vue/compiler-core': 3.3.0
      '@vue/compiler-dom': 3.3.0
      '@vue/compiler-ssr': 3.3.0
      '@vue/reactivity-transform': 3.3.0
      '@vue/shared': 3.3.0
      estree-walker: 2.0.2
      magic-string: 0.30.21
      postcss: 8.5.19
      source-map-js: 1.2.1

  '@vue/compiler-ssr@3.3.0':
    dependencies:
      '@vue/compiler-dom': 3.3.0
      '@vue/shared': 3.3.0

  '@vue/devtools-api@6.6.4': {}

  '@vue/reactivity-transform@3.3.0':
    dependencies:
      '@babel/parser': 7.29.7
      '@vue/compiler-core': 3.3.0
      '@vue/shared': 3.3.0
      estree-walker: 2.0.2
      magic-string: 0.30.21

  '@vue/reactivity@3.3.0':
    dependencies:
      '@vue/shared': 3.3.0

  '@vue/runtime-core@3.3.0':
    dependencies:
      '@vue/reactivity': 3.3.0
      '@vue/shared': 3.3.0

  '@vue/runtime-dom@3.3.0':
    dependencies:
      '@vue/runtime-core': 3.3.0
      '@vue/shared': 3.3.0
      csstype: 3.2.3

  '@vue/server-renderer@3.3.0(vue@3.3.0)':
    dependencies:
      '@vue/compiler-ssr': 3.3.0
      '@vue/shared': 3.3.0
      vue: 3.3.0

  '@vue/shared@3.3.0': {}

  ansi-styles@4.3.0:
    dependencies:
      color-convert: 2.0.1

  chalk@4.1.2:
    dependencies:
      ansi-styles: 4.3.0
      supports-color: 7.2.0

  color-convert@2.0.1:
    dependencies:
      color-name: 1.1.4

  color-name@1.1.4: {}

  commander@9.5.0: {}

  core-js@3.47.0: {}

  core-js@3.49.0: {}

  core-util-is@1.0.3: {}

  csstype@3.2.3: {}

  detect-libc@2.1.2: {}

  devexpress-diagram@2.2.8:
    dependencies:
      '@devexpress/utils': 1.4.8
      es6-object-assign: 1.1.0

  devexpress-gantt@4.1.56:
    dependencies:
      '@devexpress/utils': 1.4.8
      tslib: 2.3.1

  devextreme-quill@1.6.4:
    dependencies:
      core-js: 3.49.0
      eventemitter3: 4.0.7
      lodash.clonedeep: 4.5.0
      lodash.isequal: 4.5.0
      lodash.merge: 4.6.2
      parchment: 2.0.1
      quill-delta: 5.1.0

  devextreme-vue@23.1.15(devextreme@23.1.15)(vue@3.3.0):
    dependencies:
      devextreme: 23.1.15
      vue: 3.3.0

  devextreme@23.1.15:
    dependencies:
      '@babel/runtime': 7.29.7
      '@devextreme/runtime': 3.0.13
      devexpress-diagram: 2.2.8
      devexpress-gantt: 4.1.56
      devextreme-quill: 1.6.4
      inferno: 7.4.11
      inferno-hydrate: 7.4.11
      jszip: 3.10.1
      rrule: 2.8.1
      showdown: 2.1.0
      turndown: 7.1.3

  domino@2.1.7: {}

  enhanced-resolve@5.24.2:
    dependencies:
      graceful-fs: 4.2.11
      tapable: 2.3.3

  es6-object-assign@1.1.0: {}

  estree-walker@2.0.2: {}

  eventemitter3@4.0.7: {}

  fast-diff@1.3.0: {}

  graceful-fs@4.2.11: {}

  has-flag@4.0.0: {}

  immediate@3.0.6: {}

  inferno-create-element@7.4.11:
    dependencies:
      inferno: 7.4.11

  inferno-hydrate@7.4.11:
    dependencies:
      inferno: 7.4.11

  inferno-shared@7.4.11: {}

  inferno-vnode-flags@7.4.11: {}

  inferno@7.4.11:
    dependencies:
      inferno-shared: 7.4.11
      inferno-vnode-flags: 7.4.11
      opencollective-postinstall: 2.0.3

  inherits@2.0.4: {}

  isarray@1.0.0: {}

  jiti@2.7.0: {}

  jszip@3.10.1:
    dependencies:
      lie: 3.3.0
      pako: 1.0.11
      readable-stream: 2.3.8
      setimmediate: 1.0.5

  lie@3.3.0:
    dependencies:
      immediate: 3.0.6

  lightningcss-darwin-arm64@1.29.2:
    optional: true

  lightningcss-darwin-x64@1.29.2:
    optional: true

  lightningcss-freebsd-x64@1.29.2:
    optional: true

  lightningcss-linux-arm-gnueabihf@1.29.2:
    optional: true

  lightningcss-linux-arm64-gnu@1.29.2:
    optional: true

  lightningcss-linux-arm64-musl@1.29.2:
    optional: true

  lightningcss-linux-x64-gnu@1.29.2:
    optional: true

  lightningcss-linux-x64-musl@1.29.2:
    optional: true

  lightningcss-win32-arm64-msvc@1.29.2:
    optional: true

  lightningcss-win32-x64-msvc@1.29.2:
    optional: true

  lightningcss@1.29.2:
    dependencies:
      detect-libc: 2.1.2
    optionalDependencies:
      lightningcss-darwin-arm64: 1.29.2
      lightningcss-darwin-x64: 1.29.2
      lightningcss-freebsd-x64: 1.29.2
      lightningcss-linux-arm-gnueabihf: 1.29.2
      lightningcss-linux-arm64-gnu: 1.29.2
      lightningcss-linux-arm64-musl: 1.29.2
      lightningcss-linux-x64-gnu: 1.29.2
      lightningcss-linux-x64-musl: 1.29.2
      lightningcss-win32-arm64-msvc: 1.29.2
      lightningcss-win32-x64-msvc: 1.29.2

  lodash.clonedeep@4.5.0: {}

  lodash.isequal@4.5.0: {}

  lodash.merge@4.6.2: {}

  magic-string@0.30.21:
    dependencies:
      '@jridgewell/sourcemap-codec': 1.5.5

  nanoid@3.3.16: {}

  opencollective-postinstall@2.0.3: {}

  pako@1.0.11: {}

  parchment@2.0.1: {}

  picocolors@1.1.1: {}

  postcss@8.5.19:
    dependencies:
      nanoid: 3.3.16
      picocolors: 1.1.1
      source-map-js: 1.2.1

  process-nextick-args@2.0.1: {}

  quill-delta@5.1.0:
    dependencies:
      fast-diff: 1.3.0
      lodash.clonedeep: 4.5.0
      lodash.isequal: 4.5.0

  readable-stream@2.3.8:
    dependencies:
      core-util-is: 1.0.3
      inherits: 2.0.4
      isarray: 1.0.0
      process-nextick-args: 2.0.1
      safe-buffer: 5.1.2
      string_decoder: 1.1.1
      util-deprecate: 1.0.2

  rrule@2.8.1:
    dependencies:
      tslib: 2.8.1

  rspack-vue-loader@17.6.1(@rspack/core@1.7.12(@swc/helpers@0.5.23))(vue@3.3.0):
    dependencies:
      '@rspack/lite-tapable': 1.1.2
      chalk: 4.1.2
    optionalDependencies:
      '@rspack/core': 1.7.12(@swc/helpers@0.5.23)
      vue: 3.3.0

  safe-buffer@5.1.2: {}

  setimmediate@1.0.5: {}

  showdown@2.1.0:
    dependencies:
      commander: 9.5.0

  source-map-js@1.2.1: {}

  string_decoder@1.1.1:
    dependencies:
      safe-buffer: 5.1.2

  supports-color@7.2.0:
    dependencies:
      has-flag: 4.0.0

  tailwindcss@4.0.14: {}

  tapable@2.3.3: {}

  tslib@2.3.1: {}

  tslib@2.8.1: {}

  turndown@7.1.3:
    dependencies:
      domino: 2.1.7

  util-deprecate@1.0.2: {}

  vue-router@4.6.4(vue@3.3.0):
    dependencies:
      '@vue/devtools-api': 6.6.4
      vue: 3.3.0

  vue@3.3.0:
    dependencies:
      '@vue/compiler-dom': 3.3.0
      '@vue/compiler-sfc': 3.3.0
      '@vue/runtime-dom': 3.3.0
      '@vue/server-renderer': 3.3.0(vue@3.3.0)
      '@vue/shared': 3.3.0
